// !$*UTF8*$!
{
	archiveVersion = 1;
	classes = {
	};
	objectVersion = 50;
	objects = {

/* Begin PBXBuildFile section */
		11620B8E260E2B0B005FAC6B /* Product.swift in Sources */ = {isa = PBXBuildFile; fileRef = 11620B8D260E2B0B005FAC6B /* Product.swift */; };
		11620B92260E2B52005FAC6B /* ProductViewModel.swift in Sources */ = {isa = PBXBuildFile; fileRef = 11620B91260E2B52005FAC6B /* ProductViewModel.swift */; };
		11620B95260E2D50005FAC6B /* SplitView.swift in Sources */ = {isa = PBXBuildFile; fileRef = 11620B94260E2D50005FAC6B /* SplitView.swift */; };
		11620B98260E31B0005FAC6B /* Member.swift in Sources */ = {isa = PBXBuildFile; fileRef = 11620B97260E31B0005FAC6B /* Member.swift */; };
		11620B9B260E31F3005FAC6B /* MemberViewModel.swift in Sources */ = {isa = PBXBuildFile; fileRef = 11620B9A260E31F3005FAC6B /* MemberViewModel.swift */; };
		11620BA1260E374F005FAC6B /* MemberView.swift in Sources */ = {isa = PBXBuildFile; fileRef = 11620BA0260E374F005FAC6B /* MemberView.swift */; };
		11620BA4260E37D2005FAC6B /* OrderView.swift in Sources */ = {isa = PBXBuildFile; fileRef = 11620BA3260E37D2005FAC6B /* OrderView.swift */; };
		1172C77C260FC7EB0050E6EA /* Cart.swift in Sources */ = {isa = PBXBuildFile; fileRef = 1172C77B260FC7EB0050E6EA /* Cart.swift */; };
		1196B4A62613CAB1002C8BDB /* CartViewModel.swift in Sources */ = {isa = PBXBuildFile; fileRef = 1196B4A52613CAB1002C8BDB /* CartViewModel.swift */; };
		11B6302A260D66FC00621BFE /* PaymentApp.swift in Sources */ = {isa = PBXBuildFile; fileRef = 11B63029260D66FC00621BFE /* PaymentApp.swift */; };
		11B6302C260D66FC00621BFE /* ContentView.swift in Sources */ = {isa = PBXBuildFile; fileRef = 11B6302B260D66FC00621BFE /* ContentView.swift */; };
		11B6302E260D66FC00621BFE /* Assets.xcassets in Resources */ = {isa = PBXBuildFile; fileRef = 11B6302D260D66FC00621BFE /* Assets.xcassets */; };
		11B63031260D66FC00621BFE /* Preview Assets.xcassets in Resources */ = {isa = PBXBuildFile; fileRef = 11B63030260D66FC00621BFE /* Preview Assets.xcassets */; };
/* End PBXBuildFile section */

/* Begin PBXFileReference section */
		11620B8D260E2B0B005FAC6B /* Product.swift */ = {isa = PBXFileReference; lastKnownFileType = sourcecode.swift; path = Product.swift; sourceTree = "<group>"; };
		11620B91260E2B52005FAC6B /* ProductViewModel.swift */ = {isa = PBXFileReference; lastKnownFileType = sourcecode.swift; path = ProductViewModel.swift; sourceTree = "<group>"; };
		11620B94260E2D50005FAC6B /* SplitView.swift */ = {isa = PBXFileReference; lastKnownFileType = sourcecode.swift; path = SplitView.swift; sourceTree = "<group>"; };
		11620B97260E31B0005FAC6B /* Member.swift */ = {isa = PBXFileReference; lastKnownFileType = sourcecode.swift; path = Member.swift; sourceTree = "<group>"; };
		11620B9A260E31F3005FAC6B /* MemberViewModel.swift */ = {isa = PBXFileReference; lastKnownFileType = sourcecode.swift; path = MemberViewModel.swift; sourceTree = "<group>"; };
		11620BA0260E374F005FAC6B /* MemberView.swift */ = {isa = PBXFileReference; lastKnownFileType = sourcecode.swift; path = MemberView.swift; sourceTree = "<group>"; };
		11620BA3260E37D2005FAC6B /* OrderView.swift */ = {isa = PBXFileReference; lastKnownFileType = sourcecode.swift; path = OrderView.swift; sourceTree = "<group>"; };
		1172C77B260FC7EB0050E6EA /* Cart.swift */ = {isa = PBXFileReference; lastKnownFileType = sourcecode.swift; path = Cart.swift; sourceTree = "<group>"; };
		1196B4A52613CAB1002C8BDB /* CartViewModel.swift */ = {isa = PBXFileReference; lastKnownFileType = sourcecode.swift; path = CartViewModel.swift; sourceTree = "<group>"; };
		11B63026260D66FC00621BFE /* Payment.app */ = {isa = PBXFileReference; explicitFileType = wrapper.application; includeInIndex = 0; path = Payment.app; sourceTree = BUILT_PRODUCTS_DIR; };
		11B63029260D66FC00621BFE /* PaymentApp.swift */ = {isa = PBXFileReference; lastKnownFileType = sourcecode.swift; path = PaymentApp.swift; sourceTree = "<group>"; };
		11B6302B260D66FC00621BFE /* ContentView.swift */ = {isa = PBXFileReference; lastKnownFileType = sourcecode.swift; path = ContentView.swift; sourceTree = "<group>"; };
		11B6302D260D66FC00621BFE /* Assets.xcassets */ = {isa = PBXFileReference; lastKnownFileType = folder.assetcatalog; path = Assets.xcassets; sourceTree = "<group>"; };
		11B63030260D66FC00621BFE /* Preview Assets.xcassets */ = {isa = PBXFileReference; lastKnownFileType = folder.assetcatalog; path = "Preview Assets.xcassets"; sourceTree = "<group>"; };
		11B63032260D66FD00621BFE /* Info.plist */ = {isa = PBXFileReference; lastKnownFileType = text.plist.xml; path = Info.plist; sourceTree = "<group>"; };
/* End PBXFileReference section */

/* Begin PBXFrameworksBuildPhase section */
		11B63023260D66FC00621BFE /* Frameworks */ = {
			isa = PBXFrameworksBuildPhase;
			buildActionMask = 2147483647;
			files = (
			);
			runOnlyForDeploymentPostprocessing = 0;
		};
/* End PBXFrameworksBuildPhase section */

/* Begin PBXGroup section */
		11620B8A260E2AD9005FAC6B /* ViewModel */ = {
			isa = PBXGroup;
			children = (
				11620B91260E2B52005FAC6B /* ProductViewModel.swift */,
				11620B9A260E31F3005FAC6B /* MemberViewModel.swift */,
				1196B4A52613CAB1002C8BDB /* CartViewModel.swift */,
			);
			path = ViewModel;
			sourceTree = "<group>";
		};
		11620B8B260E2AE7005FAC6B /* Model */ = {
			isa = PBXGroup;
			children = (
				11620B8D260E2B0B005FAC6B /* Product.swift */,
				11620B97260E31B0005FAC6B /* Member.swift */,
				1172C77B260FC7EB0050E6EA /* Cart.swift */,
			);
			path = Model;
			sourceTree = "<group>";
		};
		11620B8C260E2AED005FAC6B /* View */ = {
			isa = PBXGroup;
			children = (
				11620B94260E2D50005FAC6B /* SplitView.swift */,
				11620BA0260E374F005FAC6B /* MemberView.swift */,
				11620BA3260E37D2005FAC6B /* OrderView.swift */,
			);
			path = View;
			sourceTree = "<group>";
		};
		11B6301D260D66FC00621BFE = {
			isa = PBXGroup;
			children = (
				11B63028260D66FC00621BFE /* Payment */,
				11B63027260D66FC00621BFE /* Products */,
			);
			sourceTree = "<group>";
		};
		11B63027260D66FC00621BFE /* Products */ = {
			isa = PBXGroup;
			children = (
				11B63026260D66FC00621BFE /* Payment.app */,
			);
			name = Products;
			sourceTree = "<group>";
		};
		11B63028260D66FC00621BFE /* Payment */ = {
			isa = PBXGroup;
			children = (
				11620B8C260E2AED005FAC6B /* View */,
				11620B8B260E2AE7005FAC6B /* Model */,
				11620B8A260E2AD9005FAC6B /* ViewModel */,
				11B63029260D66FC00621BFE /* PaymentApp.swift */,
				11B6302B260D66FC00621BFE /* ContentView.swift */,
				11B6302D260D66FC00621BFE /* Assets.xcassets */,
				11B63032260D66FD00621BFE /* Info.plist */,
				11B6302F260D66FC00621BFE /* Preview Content */,
			);
			path = Payment;
			sourceTree = "<group>";
		};
		11B6302F260D66FC00621BFE /* Preview Content */ = {
			isa = PBXGroup;
			children = (
				11B63030260D66FC00621BFE /* Preview Assets.xcassets */,
			);
			path = "Preview Content";
			sourceTree = "<group>";
		};
/* End PBXGroup section */

/* Begin PBXNativeTarget section */
		11B63025260D66FC00621BFE /* Payment */ = {
			isa = PBXNativeTarget;
			buildConfigurationList = 11B63035260D66FD00621BFE /* Build configuration list for PBXNativeTarget "Payment" */;
			buildPhases = (
				11B63022260D66FC00621BFE /* Sources */,
				11B63023260D66FC00621BFE /* Frameworks */,
				11B63024260D66FC00621BFE /* Resources */,
			);
			buildRules = (
			);
			dependencies = (
			);
			name = Payment;
			productName = Payment;
			productReference = 11B63026260D66FC00621BFE /* Payment.app */;
			productType = "com.apple.product-type.application";
		};
/* End PBXNativeTarget section */

/* Begin PBXProject section */
		11B6301E260D66FC00621BFE /* Project object */ = {
			isa = PBXProject;
			attributes = {
				LastSwiftUpdateCheck = 1240;
				LastUpgradeCheck = 1240;
				TargetAttributes = {
					11B63025260D66FC00621BFE = {
						CreatedOnToolsVersion = 12.4;
					};
				};
			};
			buildConfigurationList = 11B63021260D66FC00621BFE /* Build configuration list for PBXProject "Payment" */;
			compatibilityVersion = "Xcode 9.3";
			developmentRegion = en;
			hasScannedForEncodings = 0;
			knownRegions = (
				en,
				Base,
			);
			mainGroup = 11B6301D260D66FC00621BFE;
			productRefGroup = 11B63027260D66FC00621BFE /* Products */;
			projectDirPath = "";
			projectRoot = "";
			targets = (
				11B63025260D66FC00621BFE /* Payment */,
			);
		};
/* End PBXProject section */

/* Begin PBXResourcesBuildPhase section */
		11B63024260D66FC00621BFE /* Resources */ = {
			isa = PBXResourcesBuildPhase;
			buildActionMask = 2147483647;
			files = (
				11B63031260D66FC00621BFE /* Preview Assets.xcassets in Resources */,
				11B6302E260D66FC00621BFE /* Assets.xcassets in Resources */,
			);
			runOnlyForDeploymentPostprocessing = 0;
		};
/* End PBXResourcesBuildPhase section */

/* Begin PBXSourcesBuildPhase section */
		11B63022260D66FC00621BFE /* Sources */ = {
			isa = PBXSourcesBuildPhase;
			buildActionMask = 2147483647;
			files = (
				1196B4A62613CAB1002C8BDB /* CartViewModel.swift in Sources */,
				11620BA1260E374F005FAC6B /* MemberView.swift in Sources */,
				11620B95260E2D50005FAC6B /* SplitView.swift in Sources */,
				11620B98260E31B0005FAC6B /* Member.swift in Sources */,
				11620B9B260E31F3005FAC6B /* MemberViewModel.swift in Sources */,
				11B6302C260D66FC00621BFE /* ContentView.swift in Sources */,
				1172C77C260FC7EB0050E6EA /* Cart.swift in Sources */,
				11B6302A260D66FC00621BFE /* PaymentApp.swift in Sources */,
				11620B92260E2B52005FAC6B /* ProductViewModel.swift in Sources */,
				11620B8E260E2B0B005FAC6B /* Product.swift in Sources */,
				11620BA4260E37D2005FAC6B /* OrderView.swift in Sources */,
			);
			runOnlyForDeploymentPostprocessing = 0;
		};
/* End PBXSourcesBuildPhase section */

/* Begin XCBuildConfiguration section */
		11B63033260D66FD00621BFE /* Debug */ = {
			isa = XCBuildConfiguration;
			buildSettings = {
				ALWAYS_SEARCH_USER_PATHS = NO;
				CLANG_ANALYZER_NONNULL = YES;
				CLANG_ANALYZER_NUMBER_OBJECT_CONVERSION = YES_AGGRESSIVE;
				CLANG_CXX_LANGUAGE_STANDARD = "gnu++14";
				CLANG_CXX_LIBRARY = "libc++";
				CLANG_ENABLE_MODULES = YES;
				CLANG_ENABLE_OBJC_ARC = YES;
				CLANG_ENABLE_OBJC_WEAK = YES;
				CLANG_WARN_BLOCK_CAPTURE_AUTORELEASING = YES;
				CLANG_WARN_BOOL_CONVERSION = YES;
				CLANG_WARN_COMMA = YES;
				CLANG_WARN_CONSTANT_CONVERSION = YES;
				CLANG_WARN_DEPRECATED_OBJC_IMPLEMENTATIONS = YES;
				CLANG_WARN_DIRECT_OBJC_ISA_USAGE = YES_ERROR;
				CLANG_WARN_DOCUMENTATION_COMMENTS = YES;
				CLANG_WARN_EMPTY_BODY = YES;
				CLANG_WARN_ENUM_CONVERSION = YES;
				CLANG_WARN_INFINITE_RECURSION = YES;
				CLANG_WARN_INT_CONVERSION = YES;
				CLANG_WARN_NON_LITERAL_NULL_CONVERSION = YES;
				CLANG_WARN_OBJC_IMPLICIT_RETAIN_SELF = YES;
				CLANG_WARN_OBJC_LITERAL_CONVERSION = YES;
				CLANG_WARN_OBJC_ROOT_CLASS = YES_ERROR;
				CLANG_WARN_QUOTED_INCLUDE_IN_FRAMEWORK_HEADER = YES;
				CLANG_WARN_RANGE_LOOP_ANALYSIS = YES;
				CLANG_WARN_STRICT_PROTOTYPES = YES;
				CLANG_WARN_SUSPICIOUS_MOVE = YES;
				CLANG_WARN_UNGUARDED_AVAILABILITY = YES_AGGRESSIVE;
				CLANG_WARN_UNREACHABLE_CODE = YES;
				CLANG_WARN__DUPLICATE_METHOD_MATCH = YES;
				COPY_PHASE_STRIP = NO;
				DEBUG_INFORMATION_FORMAT = dwarf;
				ENABLE_STRICT_OBJC_MSGSEND = YES;
				ENABLE_TESTABILITY = YES;
				GCC_C_LANGUAGE_STANDARD = gnu11;
				GCC_DYNAMIC_NO_PIC = NO;
				GCC_NO_COMMON_BLOCKS = YES;
				GCC_OPTIMIZATION_LEVEL = 0;
				GCC_PREPROCESSOR_DEFINITIONS = (
					"DEBUG=1",
					"$(inherited)",
				);
				GCC_WARN_64_TO_32_BIT_CONVERSION = YES;
				GCC_WARN_ABOUT_RETURN_TYPE = YES_ERROR;
				GCC_WARN_UNDECLARED_SELECTOR = YES;
				GCC_WARN_UNINITIALIZED_AUTOS = YES_AGGRESSIVE;
				GCC_WARN_UNUSED_FUNCTION = YES;
				GCC_WARN_UNUSED_VARIABLE = YES;
				IPHONEOS_DEPLOYMENT_TARGET = 14.4;
				MTL_ENABLE_DEBUG_INFO = INCLUDE_SOURCE;
				MTL_FAST_MATH = YES;
				ONLY_ACTIVE_ARCH = YES;
				SDKROOT = iphoneos;
				SWIFT_ACTIVE_COMPILATION_CONDITIONS = DEBUG;
				SWIFT_OPTIMIZATION_LEVEL = "-Onone";
			};
			name = Debug;
		};
		11B63034260D66FD00621BFE /* Release */ = {
			isa = XCBuildConfiguration;
			buildSettings = {
				ALWAYS_SEARCH_USER_PATHS = NO;
				CLANG_ANALYZER_NONNULL = YES;
				CLANG_ANALYZER_NUMBER_OBJECT_CONVERSION = YES_AGGRESSIVE;
				CLANG_CXX_LANGUAGE_STANDARD = "gnu++14";
				CLANG_CXX_LIBRARY = "libc++";
				CLANG_ENABLE_MODULES = YES;
				CLANG_ENABLE_OBJC_ARC = YES;
				CLANG_ENABLE_OBJC_WEAK = YES;
				CLANG_WARN_BLOCK_CAPTURE_AUTORELEASING = YES;
				CLANG_WARN_BOOL_CONVERSION = YES;
				CLANG_WARN_COMMA = YES;
				CLANG_WARN_CONSTANT_CONVERSION = YES;
				CLANG_WARN_DEPRECATED_OBJC_IMPLEMENTATIONS = YES;
				CLANG_WARN_DIRECT_OBJC_ISA_USAGE = YES_ERROR;
				CLANG_WARN_DOCUMENTATION_COMMENTS = YES;
				CLANG_WARN_EMPTY_BODY = YES;
				CLANG_WARN_ENUM_CONVERSION = YES;
				CLANG_WARN_INFINITE_RECURSION = YES;
				CLANG_WARN_INT_CONVERSION = YES;
				CLANG_WARN_NON_LITERAL_NULL_CONVERSION = YES;
				CLANG_WARN_OBJC_IMPLICIT_RETAIN_SELF = YES;
				CLANG_WARN_OBJC_LITERAL_CONVERSION = YES;
				CLANG_WARN_OBJC_ROOT_CLASS = YES_ERROR;
				CLANG_WARN_QUOTED_INCLUDE_IN_FRAMEWORK_HEADER = YES;
				CLANG_WARN_RANGE_LOOP_ANALYSIS = YES;
				CLANG_WARN_STRICT_PROTOTYPES = YES;
				CLANG_WARN_SUSPICIOUS_MOVE = YES;
				CLANG_WARN_UNGUARDED_AVAILABILITY = YES_AGGRESSIVE;
				CLANG_WARN_UNREACHABLE_CODE = YES;
				CLANG_WARN__DUPLICATE_METHOD_MATCH = YES;
				COPY_PHASE_STRIP = NO;
				DEBUG_INFORMATION_FORMAT = "dwarf-with-dsym";
				ENABLE_NS_ASSERTIONS = NO;
				ENABLE_STRICT_OBJC_MSGSEND = YES;
				GCC_C_LANGUAGE_STANDARD = gnu11;
				GCC_NO_COMMON_BLOCKS = YES;
				GCC_WARN_64_TO_32_BIT_CONVERSION = YES;
				GCC_WARN_ABOUT_RETURN_TYPE = YES_ERROR;
				GCC_WARN_UNDECLARED_SELECTOR = YES;
				GCC_WARN_UNINITIALIZED_AUTOS = YES_AGGRESSIVE;
				GCC_WARN_UNUSED_FUNCTION = YES;
				GCC_WARN_UNUSED_VARIABLE = YES;
				IPHONEOS_DEPLOYMENT_TARGET = 14.4;
				MTL_ENABLE_DEBUG_INFO = NO;
				MTL_FAST_MATH = YES;
				SDKROOT = iphoneos;
				SWIFT_COMPILATION_MODE = wholemodule;
				SWIFT_OPTIMIZATION_LEVEL = "-O";
				VALIDATE_PRODUCT = YES;
			};
			name = Release;
		};
		11B63036260D66FD00621BFE /* Debug */ = {
			isa = XCBuildConfiguration;
			buildSettings = {
				ASSETCATALOG_COMPILER_APPICON_NAME = AppIcon;
				ASSETCATALOG_COMPILER_GLOBAL_ACCENT_COLOR_NAME = AccentColor;
				CODE_SIGN_STYLE = Automatic;
				DEVELOPMENT_ASSET_PATHS = "\"Payment/Preview Content\"";
				DEVELOPMENT_TEAM = ZM28D8U9G9;
				ENABLE_PREVIEWS = YES;
				INFOPLIST_FILE = Payment/Info.plist;
				IPHONEOS_DEPLOYMENT_TARGET = 14.0;
				LD_RUNPATH_SEARCH_PATHS = (
					"$(inherited)",
					"@executable_path/Frameworks",
				);
				PRODUCT_BUNDLE_IDENTIFIER = tolo.Payment;
				PRODUCT_NAME = "$(TARGET_NAME)";
				SWIFT_VERSION = 5.0;
				TARGETED_DEVICE_FAMILY = "1,2";
			};
			name = Debug;
		};
		11B63037260D66FD00621BFE /* Release */ = {
			isa = XCBuildConfiguration;
			buildSettings = {
				ASSETCATALOG_COMPILER_APPICON_NAME = AppIcon;
				ASSETCATALOG_COMPILER_GLOBAL_ACCENT_COLOR_NAME = AccentColor;
				CODE_SIGN_STYLE = Automatic;
				DEVELOPMENT_ASSET_PATHS = "\"Payment/Preview Content\"";
				DEVELOPMENT_TEAM = ZM28D8U9G9;
				ENABLE_PREVIEWS = YES;
				INFOPLIST_FILE = Payment/Info.plist;
				IPHONEOS_DEPLOYMENT_TARGET = 14.0;
				LD_RUNPATH_SEARCH_PATHS = (
					"$(inherited)",
					"@executable_path/Frameworks",
				);
				PRODUCT_BUNDLE_IDENTIFIER = tolo.Payment;
				PRODUCT_NAME = "$(TARGET_NAME)";
				SWIFT_VERSION = 5.0;
				TARGETED_DEVICE_FAMILY = "1,2";
			};
			name = Release;
		};
/* End XCBuildConfiguration section */

/* Begin XCConfigurationList section */
		11B63021260D66FC00621BFE /* Build configuration list for PBXProject "Payment" */ = {
			isa = XCConfigurationList;
			buildConfigurations = (
				11B63033260D66FD00621BFE /* Debug */,
				11B63034260D66FD00621BFE /* Release */,
			);
			defaultConfigurationIsVisible = 0;
			defaultConfigurationName = Release;
		};
		11B63035260D66FD00621BFE /* Build configuration list for PBXNativeTarget "Payment" */ = {
			isa = XCConfigurationList;
			buildConfigurations = (
				11B63036260D66FD00621BFE /* Debug */,
				11B63037260D66FD00621BFE /* Release */,
			);
			defaultConfigurationIsVisible = 0;
			defaultConfigurationName = Release;
		};
/* End XCConfigurationList section */
	};
	rootObject = 11B6301E260D66FC00621BFE /* Project object */;
}
