// !$*UTF8*$!
{
	archiveVersion = 1;
	classes = {
	};
	objectVersion = 50;
	objects = {

/* Begin PBXBuildFile section */
		1153933925D6D6A5002EC89D /* TabViewApp.swift in Sources */ = {isa = PBXBuildFile; fileRef = 1153933825D6D6A5002EC89D /* TabViewApp.swift */; };
		1153933B25D6D6A5002EC89D /* ContentView.swift in Sources */ = {isa = PBXBuildFile; fileRef = 1153933A25D6D6A5002EC89D /* ContentView.swift */; };
		1153933D25D6D6A6002EC89D /* Assets.xcassets in Resources */ = {isa = PBXBuildFile; fileRef = 1153933C25D6D6A6002EC89D /* Assets.xcassets */; };
		1153934025D6D6A6002EC89D /* Preview Assets.xcassets in Resources */ = {isa = PBXBuildFile; fileRef = 1153933F25D6D6A6002EC89D /* Preview Assets.xcassets */; };
		1153936525D6FDBC002EC89D /* ProspectsView.swift in Sources */ = {isa = PBXBuildFile; fileRef = 1153936425D6FDBC002EC89D /* ProspectsView.swift */; };
		1153936825D6FDE6002EC89D /* MeView.swift in Sources */ = {isa = PBXBuildFile; fileRef = 1153936725D6FDE6002EC89D /* MeView.swift */; };
		1153936B25D701BD002EC89D /* Prospect.swift in Sources */ = {isa = PBXBuildFile; fileRef = 1153936A25D701BD002EC89D /* Prospect.swift */; };
/* End PBXBuildFile section */

/* Begin PBXFileReference section */
		1153933525D6D6A5002EC89D /* TabView.app */ = {isa = PBXFileReference; explicitFileType = wrapper.application; includeInIndex = 0; path = TabView.app; sourceTree = BUILT_PRODUCTS_DIR; };
		1153933825D6D6A5002EC89D /* TabViewApp.swift */ = {isa = PBXFileReference; lastKnownFileType = sourcecode.swift; path = TabViewApp.swift; sourceTree = "<group>"; };
		1153933A25D6D6A5002EC89D /* ContentView.swift */ = {isa = PBXFileReference; lastKnownFileType = sourcecode.swift; path = ContentView.swift; sourceTree = "<group>"; };
		1153933C25D6D6A6002EC89D /* Assets.xcassets */ = {isa = PBXFileReference; lastKnownFileType = folder.assetcatalog; path = Assets.xcassets; sourceTree = "<group>"; };
		1153933F25D6D6A6002EC89D /* Preview Assets.xcassets */ = {isa = PBXFileReference; lastKnownFileType = folder.assetcatalog; path = "Preview Assets.xcassets"; sourceTree = "<group>"; };
		1153934125D6D6A6002EC89D /* Info.plist */ = {isa = PBXFileReference; lastKnownFileType = text.plist.xml; path = Info.plist; sourceTree = "<group>"; };
		1153936425D6FDBC002EC89D /* ProspectsView.swift */ = {isa = PBXFileReference; lastKnownFileType = sourcecode.swift; path = ProspectsView.swift; sourceTree = "<group>"; };
		1153936725D6FDE6002EC89D /* MeView.swift */ = {isa = PBXFileReference; lastKnownFileType = sourcecode.swift; path = MeView.swift; sourceTree = "<group>"; };
		1153936A25D701BD002EC89D /* Prospect.swift */ = {isa = PBXFileReference; lastKnownFileType = sourcecode.swift; path = Prospect.swift; sourceTree = "<group>"; };
/* End PBXFileReference section */

/* Begin PBXFrameworksBuildPhase section */
		1153933225D6D6A5002EC89D /* Frameworks */ = {
			isa = PBXFrameworksBuildPhase;
			buildActionMask = 2147483647;
			files = (
			);
			runOnlyForDeploymentPostprocessing = 0;
		};
/* End PBXFrameworksBuildPhase section */

/* Begin PBXGroup section */
		1153932C25D6D6A5002EC89D = {
			isa = PBXGroup;
			children = (
				1153933725D6D6A5002EC89D /* TabView */,
				1153933625D6D6A5002EC89D /* Products */,
			);
			sourceTree = "<group>";
		};
		1153933625D6D6A5002EC89D /* Products */ = {
			isa = PBXGroup;
			children = (
				1153933525D6D6A5002EC89D /* TabView.app */,
			);
			name = Products;
			sourceTree = "<group>";
		};
		1153933725D6D6A5002EC89D /* TabView */ = {
			isa = PBXGroup;
			children = (
				1153933825D6D6A5002EC89D /* TabViewApp.swift */,
				1153933A25D6D6A5002EC89D /* ContentView.swift */,
				1153933C25D6D6A6002EC89D /* Assets.xcassets */,
				1153934125D6D6A6002EC89D /* Info.plist */,
				1153933E25D6D6A6002EC89D /* Preview Content */,
				1153936425D6FDBC002EC89D /* ProspectsView.swift */,
				1153936725D6FDE6002EC89D /* MeView.swift */,
				1153936A25D701BD002EC89D /* Prospect.swift */,
			);
			path = TabView;
			sourceTree = "<group>";
		};
		1153933E25D6D6A6002EC89D /* Preview Content */ = {
			isa = PBXGroup;
			children = (
				1153933F25D6D6A6002EC89D /* Preview Assets.xcassets */,
			);
			path = "Preview Content";
			sourceTree = "<group>";
		};
/* End PBXGroup section */

/* Begin PBXNativeTarget section */
		1153933425D6D6A5002EC89D /* TabView */ = {
			isa = PBXNativeTarget;
			buildConfigurationList = 1153934425D6D6A6002EC89D /* Build configuration list for PBXNativeTarget "TabView" */;
			buildPhases = (
				1153933125D6D6A5002EC89D /* Sources */,
				1153933225D6D6A5002EC89D /* Frameworks */,
				1153933325D6D6A5002EC89D /* Resources */,
			);
			buildRules = (
			);
			dependencies = (
			);
			name = TabView;
			productName = TabView;
			productReference = 1153933525D6D6A5002EC89D /* TabView.app */;
			productType = "com.apple.product-type.application";
		};
/* End PBXNativeTarget section */

/* Begin PBXProject section */
		1153932D25D6D6A5002EC89D /* Project object */ = {
			isa = PBXProject;
			attributes = {
				LastSwiftUpdateCheck = 1240;
				LastUpgradeCheck = 1240;
				TargetAttributes = {
					1153933425D6D6A5002EC89D = {
						CreatedOnToolsVersion = 12.4;
					};
				};
			};
			buildConfigurationList = 1153933025D6D6A5002EC89D /* Build configuration list for PBXProject "TabView" */;
			compatibilityVersion = "Xcode 9.3";
			developmentRegion = en;
			hasScannedForEncodings = 0;
			knownRegions = (
				en,
				Base,
			);
			mainGroup = 1153932C25D6D6A5002EC89D;
			productRefGroup = 1153933625D6D6A5002EC89D /* Products */;
			projectDirPath = "";
			projectRoot = "";
			targets = (
				1153933425D6D6A5002EC89D /* TabView */,
			);
		};
/* End PBXProject section */

/* Begin PBXResourcesBuildPhase section */
		1153933325D6D6A5002EC89D /* Resources */ = {
			isa = PBXResourcesBuildPhase;
			buildActionMask = 2147483647;
			files = (
				1153934025D6D6A6002EC89D /* Preview Assets.xcassets in Resources */,
				1153933D25D6D6A6002EC89D /* Assets.xcassets in Resources */,
			);
			runOnlyForDeploymentPostprocessing = 0;
		};
/* End PBXResourcesBuildPhase section */

/* Begin PBXSourcesBuildPhase section */
		1153933125D6D6A5002EC89D /* Sources */ = {
			isa = PBXSourcesBuildPhase;
			buildActionMask = 2147483647;
			files = (
				1153936825D6FDE6002EC89D /* MeView.swift in Sources */,
				1153936B25D701BD002EC89D /* Prospect.swift in Sources */,
				1153936525D6FDBC002EC89D /* ProspectsView.swift in Sources */,
				1153933B25D6D6A5002EC89D /* ContentView.swift in Sources */,
				1153933925D6D6A5002EC89D /* TabViewApp.swift in Sources */,
			);
			runOnlyForDeploymentPostprocessing = 0;
		};
/* End PBXSourcesBuildPhase section */

/* Begin XCBuildConfiguration section */
		1153934225D6D6A6002EC89D /* Debug */ = {
			isa = XCBuildConfiguration;
			buildSettings = {
				ALWAYS_SEARCH_USER_PATHS = NO;
				CLANG_ANALYZER_NONNULL = YES;
				CLANG_ANALYZER_NUMBER_OBJECT_CONVERSION = YES_AGGRESSIVE;
				CLANG_CXX_LANGUAGE_STANDARD = "gnu++14";
				CLANG_CXX_LIBRARY = "libc++";
				CLANG_ENABLE_MODULES = YES;
				CLANG_ENABLE_OBJC_ARC = YES;
				CLANG_ENABLE_OBJC_WEAK = YES;
				CLANG_WARN_BLOCK_CAPTURE_AUTORELEASING = YES;
				CLANG_WARN_BOOL_CONVERSION = YES;
				CLANG_WARN_COMMA = YES;
				CLANG_WARN_CONSTANT_CONVERSION = YES;
				CLANG_WARN_DEPRECATED_OBJC_IMPLEMENTATIONS = YES;
				CLANG_WARN_DIRECT_OBJC_ISA_USAGE = YES_ERROR;
				CLANG_WARN_DOCUMENTATION_COMMENTS = YES;
				CLANG_WARN_EMPTY_BODY = YES;
				CLANG_WARN_ENUM_CONVERSION = YES;
				CLANG_WARN_INFINITE_RECURSION = YES;
				CLANG_WARN_INT_CONVERSION = YES;
				CLANG_WARN_NON_LITERAL_NULL_CONVERSION = YES;
				CLANG_WARN_OBJC_IMPLICIT_RETAIN_SELF = YES;
				CLANG_WARN_OBJC_LITERAL_CONVERSION = YES;
				CLANG_WARN_OBJC_ROOT_CLASS = YES_ERROR;
				CLANG_WARN_QUOTED_INCLUDE_IN_FRAMEWORK_HEADER = YES;
				CLANG_WARN_RANGE_LOOP_ANALYSIS = YES;
				CLANG_WARN_STRICT_PROTOTYPES = YES;
				CLANG_WARN_SUSPICIOUS_MOVE = YES;
				CLANG_WARN_UNGUARDED_AVAILABILITY = YES_AGGRESSIVE;
				CLANG_WARN_UNREACHABLE_CODE = YES;
				CLANG_WARN__DUPLICATE_METHOD_MATCH = YES;
				COPY_PHASE_STRIP = NO;
				DEBUG_INFORMATION_FORMAT = dwarf;
				ENABLE_STRICT_OBJC_MSGSEND = YES;
				ENABLE_TESTABILITY = YES;
				GCC_C_LANGUAGE_STANDARD = gnu11;
				GCC_DYNAMIC_NO_PIC = NO;
				GCC_NO_COMMON_BLOCKS = YES;
				GCC_OPTIMIZATION_LEVEL = 0;
				GCC_PREPROCESSOR_DEFINITIONS = (
					"DEBUG=1",
					"$(inherited)",
				);
				GCC_WARN_64_TO_32_BIT_CONVERSION = YES;
				GCC_WARN_ABOUT_RETURN_TYPE = YES_ERROR;
				GCC_WARN_UNDECLARED_SELECTOR = YES;
				GCC_WARN_UNINITIALIZED_AUTOS = YES_AGGRESSIVE;
				GCC_WARN_UNUSED_FUNCTION = YES;
				GCC_WARN_UNUSED_VARIABLE = YES;
				IPHONEOS_DEPLOYMENT_TARGET = 14.4;
				MTL_ENABLE_DEBUG_INFO = INCLUDE_SOURCE;
				MTL_FAST_MATH = YES;
				ONLY_ACTIVE_ARCH = YES;
				SDKROOT = iphoneos;
				SWIFT_ACTIVE_COMPILATION_CONDITIONS = DEBUG;
				SWIFT_OPTIMIZATION_LEVEL = "-Onone";
			};
			name = Debug;
		};
		1153934325D6D6A6002EC89D /* Release */ = {
			isa = XCBuildConfiguration;
			buildSettings = {
				ALWAYS_SEARCH_USER_PATHS = NO;
				CLANG_ANALYZER_NONNULL = YES;
				CLANG_ANALYZER_NUMBER_OBJECT_CONVERSION = YES_AGGRESSIVE;
				CLANG_CXX_LANGUAGE_STANDARD = "gnu++14";
				CLANG_CXX_LIBRARY = "libc++";
				CLANG_ENABLE_MODULES = YES;
				CLANG_ENABLE_OBJC_ARC = YES;
				CLANG_ENABLE_OBJC_WEAK = YES;
				CLANG_WARN_BLOCK_CAPTURE_AUTORELEASING = YES;
				CLANG_WARN_BOOL_CONVERSION = YES;
				CLANG_WARN_COMMA = YES;
				CLANG_WARN_CONSTANT_CONVERSION = YES;
				CLANG_WARN_DEPRECATED_OBJC_IMPLEMENTATIONS = YES;
				CLANG_WARN_DIRECT_OBJC_ISA_USAGE = YES_ERROR;
				CLANG_WARN_DOCUMENTATION_COMMENTS = YES;
				CLANG_WARN_EMPTY_BODY = YES;
				CLANG_WARN_ENUM_CONVERSION = YES;
				CLANG_WARN_INFINITE_RECURSION = YES;
				CLANG_WARN_INT_CONVERSION = YES;
				CLANG_WARN_NON_LITERAL_NULL_CONVERSION = YES;
				CLANG_WARN_OBJC_IMPLICIT_RETAIN_SELF = YES;
				CLANG_WARN_OBJC_LITERAL_CONVERSION = YES;
				CLANG_WARN_OBJC_ROOT_CLASS = YES_ERROR;
				CLANG_WARN_QUOTED_INCLUDE_IN_FRAMEWORK_HEADER = YES;
				CLANG_WARN_RANGE_LOOP_ANALYSIS = YES;
				CLANG_WARN_STRICT_PROTOTYPES = YES;
				CLANG_WARN_SUSPICIOUS_MOVE = YES;
				CLANG_WARN_UNGUARDED_AVAILABILITY = YES_AGGRESSIVE;
				CLANG_WARN_UNREACHABLE_CODE = YES;
				CLANG_WARN__DUPLICATE_METHOD_MATCH = YES;
				COPY_PHASE_STRIP = NO;
				DEBUG_INFORMATION_FORMAT = "dwarf-with-dsym";
				ENABLE_NS_ASSERTIONS = NO;
				ENABLE_STRICT_OBJC_MSGSEND = YES;
				GCC_C_LANGUAGE_STANDARD = gnu11;
				GCC_NO_COMMON_BLOCKS = YES;
				GCC_WARN_64_TO_32_BIT_CONVERSION = YES;
				GCC_WARN_ABOUT_RETURN_TYPE = YES_ERROR;
				GCC_WARN_UNDECLARED_SELECTOR = YES;
				GCC_WARN_UNINITIALIZED_AUTOS = YES_AGGRESSIVE;
				GCC_WARN_UNUSED_FUNCTION = YES;
				GCC_WARN_UNUSED_VARIABLE = YES;
				IPHONEOS_DEPLOYMENT_TARGET = 14.4;
				MTL_ENABLE_DEBUG_INFO = NO;
				MTL_FAST_MATH = YES;
				SDKROOT = iphoneos;
				SWIFT_COMPILATION_MODE = wholemodule;
				SWIFT_OPTIMIZATION_LEVEL = "-O";
				VALIDATE_PRODUCT = YES;
			};
			name = Release;
		};
		1153934525D6D6A6002EC89D /* Debug */ = {
			isa = XCBuildConfiguration;
			buildSettings = {
				ASSETCATALOG_COMPILER_APPICON_NAME = AppIcon;
				ASSETCATALOG_COMPILER_GLOBAL_ACCENT_COLOR_NAME = AccentColor;
				CODE_SIGN_STYLE = Automatic;
				DEVELOPMENT_ASSET_PATHS = "\"TabView/Preview Content\"";
				ENABLE_PREVIEWS = YES;
				INFOPLIST_FILE = TabView/Info.plist;
				IPHONEOS_DEPLOYMENT_TARGET = 14.0;
				LD_RUNPATH_SEARCH_PATHS = (
					"$(inherited)",
					"@executable_path/Frameworks",
				);
				PRODUCT_BUNDLE_IDENTIFIER = tolo.TabView;
				PRODUCT_NAME = "$(TARGET_NAME)";
				SWIFT_VERSION = 5.0;
				TARGETED_DEVICE_FAMILY = "1,2";
			};
			name = Debug;
		};
		1153934625D6D6A6002EC89D /* Release */ = {
			isa = XCBuildConfiguration;
			buildSettings = {
				ASSETCATALOG_COMPILER_APPICON_NAME = AppIcon;
				ASSETCATALOG_COMPILER_GLOBAL_ACCENT_COLOR_NAME = AccentColor;
				CODE_SIGN_STYLE = Automatic;
				DEVELOPMENT_ASSET_PATHS = "\"TabView/Preview Content\"";
				ENABLE_PREVIEWS = YES;
				INFOPLIST_FILE = TabView/Info.plist;
				IPHONEOS_DEPLOYMENT_TARGET = 14.0;
				LD_RUNPATH_SEARCH_PATHS = (
					"$(inherited)",
					"@executable_path/Frameworks",
				);
				PRODUCT_BUNDLE_IDENTIFIER = tolo.TabView;
				PRODUCT_NAME = "$(TARGET_NAME)";
				SWIFT_VERSION = 5.0;
				TARGETED_DEVICE_FAMILY = "1,2";
			};
			name = Release;
		};
/* End XCBuildConfiguration section */

/* Begin XCConfigurationList section */
		1153933025D6D6A5002EC89D /* Build configuration list for PBXProject "TabView" */ = {
			isa = XCConfigurationList;
			buildConfigurations = (
				1153934225D6D6A6002EC89D /* Debug */,
				1153934325D6D6A6002EC89D /* Release */,
			);
			defaultConfigurationIsVisible = 0;
			defaultConfigurationName = Release;
		};
		1153934425D6D6A6002EC89D /* Build configuration list for PBXNativeTarget "TabView" */ = {
			isa = XCConfigurationList;
			buildConfigurations = (
				1153934525D6D6A6002EC89D /* Debug */,
				1153934625D6D6A6002EC89D /* Release */,
			);
			defaultConfigurationIsVisible = 0;
			defaultConfigurationName = Release;
		};
/* End XCConfigurationList section */
	};
	rootObject = 1153932D25D6D6A5002EC89D /* Project object */;
}
