// !$*UTF8*$!
{
	archiveVersion = 1;
	classes = {
	};
	objectVersion = 50;
	objects = {

/* Begin PBXBuildFile section */
		112D70D225E90FBD0021BF57 /* AppDelegate.swift in Sources */ = {isa = PBXBuildFile; fileRef = 112D70D125E90FBD0021BF57 /* AppDelegate.swift */; };
		112D70D425E90FBD0021BF57 /* SceneDelegate.swift in Sources */ = {isa = PBXBuildFile; fileRef = 112D70D325E90FBD0021BF57 /* SceneDelegate.swift */; };
		112D70D625E90FBD0021BF57 /* ContentView.swift in Sources */ = {isa = PBXBuildFile; fileRef = 112D70D525E90FBD0021BF57 /* ContentView.swift */; };
		112D70D825E90FBE0021BF57 /* Assets.xcassets in Resources */ = {isa = PBXBuildFile; fileRef = 112D70D725E90FBE0021BF57 /* Assets.xcassets */; };
		112D70DB25E90FBE0021BF57 /* Preview Assets.xcassets in Resources */ = {isa = PBXBuildFile; fileRef = 112D70DA25E90FBE0021BF57 /* Preview Assets.xcassets */; };
		112D70DE25E90FBE0021BF57 /* LaunchScreen.storyboard in Resources */ = {isa = PBXBuildFile; fileRef = 112D70DC25E90FBE0021BF57 /* LaunchScreen.storyboard */; };
		112D70EF25E944C20021BF57 /* Card.swift in Sources */ = {isa = PBXBuildFile; fileRef = 112D70EE25E944C20021BF57 /* Card.swift */; };
		1148D66B25FC235D00F0E6DD /* AccountView.swift in Sources */ = {isa = PBXBuildFile; fileRef = 1148D66A25FC235D00F0E6DD /* AccountView.swift */; };
		1149E08B25F2766900F46F14 /* SearchViewModel.swift in Sources */ = {isa = PBXBuildFile; fileRef = 1149E08A25F2766900F46F14 /* SearchViewModel.swift */; };
		114DA85C2632CC63005FC08A /* ScanningView.swift in Sources */ = {isa = PBXBuildFile; fileRef = 114DA85B2632CC63005FC08A /* ScanningView.swift */; };
		114DA85F2632CF77005FC08A /* MemberViewModel.swift in Sources */ = {isa = PBXBuildFile; fileRef = 114DA85E2632CF77005FC08A /* MemberViewModel.swift */; };
		114DA8622632CF85005FC08A /* Member.swift in Sources */ = {isa = PBXBuildFile; fileRef = 114DA8612632CF85005FC08A /* Member.swift */; };
		114DA8652632CFAA005FC08A /* Cart.swift in Sources */ = {isa = PBXBuildFile; fileRef = 114DA8642632CFAA005FC08A /* Cart.swift */; };
		114DA8682632D173005FC08A /* CardViewModel.swift in Sources */ = {isa = PBXBuildFile; fileRef = 114DA8672632D173005FC08A /* CardViewModel.swift */; };
		114DA87326331418005FC08A /* MemberView.swift in Sources */ = {isa = PBXBuildFile; fileRef = 114DA87226331418005FC08A /* MemberView.swift */; };
		114DA877263314B4005FC08A /* ReceiptView.swift in Sources */ = {isa = PBXBuildFile; fileRef = 114DA876263314B4005FC08A /* ReceiptView.swift */; };
		114DA87B26333A71005FC08A /* SplitView.swift in Sources */ = {isa = PBXBuildFile; fileRef = 114DA87A26333A71005FC08A /* SplitView.swift */; };
		115EE47725F82D3300471844 /* WalletView.swift in Sources */ = {isa = PBXBuildFile; fileRef = 115EE47625F82D3300471844 /* WalletView.swift */; };
		1174B7162607A3320069B1F7 /* ScanDocumentViewModel.swift in Sources */ = {isa = PBXBuildFile; fileRef = 1174B7152607A3320069B1F7 /* ScanDocumentViewModel.swift */; };
		11F43527262A477D005791FF /* Product.swift in Sources */ = {isa = PBXBuildFile; fileRef = 11F43526262A477D005791FF /* Product.swift */; };
/* End PBXBuildFile section */

/* Begin PBXFileReference section */
		112D70CE25E90FBD0021BF57 /* CardWallet.app */ = {isa = PBXFileReference; explicitFileType = wrapper.application; includeInIndex = 0; path = CardWallet.app; sourceTree = BUILT_PRODUCTS_DIR; };
		112D70D125E90FBD0021BF57 /* AppDelegate.swift */ = {isa = PBXFileReference; lastKnownFileType = sourcecode.swift; path = AppDelegate.swift; sourceTree = "<group>"; };
		112D70D325E90FBD0021BF57 /* SceneDelegate.swift */ = {isa = PBXFileReference; lastKnownFileType = sourcecode.swift; path = SceneDelegate.swift; sourceTree = "<group>"; };
		112D70D525E90FBD0021BF57 /* ContentView.swift */ = {isa = PBXFileReference; lastKnownFileType = sourcecode.swift; path = ContentView.swift; sourceTree = "<group>"; };
		112D70D725E90FBE0021BF57 /* Assets.xcassets */ = {isa = PBXFileReference; lastKnownFileType = folder.assetcatalog; path = Assets.xcassets; sourceTree = "<group>"; };
		112D70DA25E90FBE0021BF57 /* Preview Assets.xcassets */ = {isa = PBXFileReference; lastKnownFileType = folder.assetcatalog; path = "Preview Assets.xcassets"; sourceTree = "<group>"; };
		112D70DD25E90FBE0021BF57 /* Base */ = {isa = PBXFileReference; lastKnownFileType = file.storyboard; name = Base; path = Base.lproj/LaunchScreen.storyboard; sourceTree = "<group>"; };
		112D70DF25E90FBE0021BF57 /* Info.plist */ = {isa = PBXFileReference; lastKnownFileType = text.plist.xml; path = Info.plist; sourceTree = "<group>"; };
		112D70EE25E944C20021BF57 /* Card.swift */ = {isa = PBXFileReference; lastKnownFileType = sourcecode.swift; path = Card.swift; sourceTree = "<group>"; };
		1148D66A25FC235D00F0E6DD /* AccountView.swift */ = {isa = PBXFileReference; lastKnownFileType = sourcecode.swift; path = AccountView.swift; sourceTree = "<group>"; };
		1149E08A25F2766900F46F14 /* SearchViewModel.swift */ = {isa = PBXFileReference; lastKnownFileType = sourcecode.swift; path = SearchViewModel.swift; sourceTree = "<group>"; };
		114DA85B2632CC63005FC08A /* ScanningView.swift */ = {isa = PBXFileReference; lastKnownFileType = sourcecode.swift; path = ScanningView.swift; sourceTree = "<group>"; };
		114DA85E2632CF77005FC08A /* MemberViewModel.swift */ = {isa = PBXFileReference; lastKnownFileType = sourcecode.swift; path = MemberViewModel.swift; sourceTree = "<group>"; };
		114DA8612632CF85005FC08A /* Member.swift */ = {isa = PBXFileReference; lastKnownFileType = sourcecode.swift; path = Member.swift; sourceTree = "<group>"; };
		114DA8642632CFAA005FC08A /* Cart.swift */ = {isa = PBXFileReference; lastKnownFileType = sourcecode.swift; path = Cart.swift; sourceTree = "<group>"; };
		114DA8672632D173005FC08A /* CardViewModel.swift */ = {isa = PBXFileReference; lastKnownFileType = sourcecode.swift; path = CardViewModel.swift; sourceTree = "<group>"; };
		114DA87226331418005FC08A /* MemberView.swift */ = {isa = PBXFileReference; lastKnownFileType = sourcecode.swift; path = MemberView.swift; sourceTree = "<group>"; };
		114DA876263314B4005FC08A /* ReceiptView.swift */ = {isa = PBXFileReference; lastKnownFileType = sourcecode.swift; path = ReceiptView.swift; sourceTree = "<group>"; };
		114DA87A26333A71005FC08A /* SplitView.swift */ = {isa = PBXFileReference; lastKnownFileType = sourcecode.swift; path = SplitView.swift; sourceTree = "<group>"; };
		115EE47625F82D3300471844 /* WalletView.swift */ = {isa = PBXFileReference; lastKnownFileType = sourcecode.swift; path = WalletView.swift; sourceTree = "<group>"; };
		1174B7152607A3320069B1F7 /* ScanDocumentViewModel.swift */ = {isa = PBXFileReference; lastKnownFileType = sourcecode.swift; path = ScanDocumentViewModel.swift; sourceTree = "<group>"; };
		11F43526262A477D005791FF /* Product.swift */ = {isa = PBXFileReference; lastKnownFileType = sourcecode.swift; path = Product.swift; sourceTree = "<group>"; };
/* End PBXFileReference section */

/* Begin PBXFrameworksBuildPhase section */
		112D70CB25E90FBD0021BF57 /* Frameworks */ = {
			isa = PBXFrameworksBuildPhase;
			buildActionMask = 2147483647;
			files = (
			);
			runOnlyForDeploymentPostprocessing = 0;
		};
/* End PBXFrameworksBuildPhase section */

/* Begin PBXGroup section */
		112D70C525E90FBD0021BF57 = {
			isa = PBXGroup;
			children = (
				112D70D025E90FBD0021BF57 /* CardWallet */,
				112D70CF25E90FBD0021BF57 /* Products */,
			);
			sourceTree = "<group>";
		};
		112D70CF25E90FBD0021BF57 /* Products */ = {
			isa = PBXGroup;
			children = (
				112D70CE25E90FBD0021BF57 /* CardWallet.app */,
			);
			name = Products;
			sourceTree = "<group>";
		};
		112D70D025E90FBD0021BF57 /* CardWallet */ = {
			isa = PBXGroup;
			children = (
				1148D65D25FBB50300F0E6DD /* ViewModel */,
				115EE46725F7F72900471844 /* View */,
				112D70E825E9440D0021BF57 /* Model */,
				112D70D125E90FBD0021BF57 /* AppDelegate.swift */,
				112D70D325E90FBD0021BF57 /* SceneDelegate.swift */,
				112D70D525E90FBD0021BF57 /* ContentView.swift */,
				112D70D725E90FBE0021BF57 /* Assets.xcassets */,
				112D70DC25E90FBE0021BF57 /* LaunchScreen.storyboard */,
				112D70DF25E90FBE0021BF57 /* Info.plist */,
				112D70D925E90FBE0021BF57 /* Preview Content */,
			);
			path = CardWallet;
			sourceTree = "<group>";
		};
		112D70D925E90FBE0021BF57 /* Preview Content */ = {
			isa = PBXGroup;
			children = (
				112D70DA25E90FBE0021BF57 /* Preview Assets.xcassets */,
			);
			path = "Preview Content";
			sourceTree = "<group>";
		};
		112D70E825E9440D0021BF57 /* Model */ = {
			isa = PBXGroup;
			children = (
				112D70EE25E944C20021BF57 /* Card.swift */,
				11F43526262A477D005791FF /* Product.swift */,
				114DA8612632CF85005FC08A /* Member.swift */,
				114DA8642632CFAA005FC08A /* Cart.swift */,
			);
			path = Model;
			sourceTree = "<group>";
		};
		1148D65D25FBB50300F0E6DD /* ViewModel */ = {
			isa = PBXGroup;
			children = (
				1149E08A25F2766900F46F14 /* SearchViewModel.swift */,
				1174B7152607A3320069B1F7 /* ScanDocumentViewModel.swift */,
				114DA85E2632CF77005FC08A /* MemberViewModel.swift */,
				114DA8672632D173005FC08A /* CardViewModel.swift */,
			);
			path = ViewModel;
			sourceTree = "<group>";
		};
		115EE46725F7F72900471844 /* View */ = {
			isa = PBXGroup;
			children = (
				115EE47625F82D3300471844 /* WalletView.swift */,
				1148D66A25FC235D00F0E6DD /* AccountView.swift */,
				114DA85B2632CC63005FC08A /* ScanningView.swift */,
				114DA87226331418005FC08A /* MemberView.swift */,
				114DA876263314B4005FC08A /* ReceiptView.swift */,
				114DA87A26333A71005FC08A /* SplitView.swift */,
			);
			path = View;
			sourceTree = "<group>";
		};
/* End PBXGroup section */

/* Begin PBXNativeTarget section */
		112D70CD25E90FBD0021BF57 /* CardWallet */ = {
			isa = PBXNativeTarget;
			buildConfigurationList = 112D70E225E90FBE0021BF57 /* Build configuration list for PBXNativeTarget "CardWallet" */;
			buildPhases = (
				112D70CA25E90FBD0021BF57 /* Sources */,
				112D70CB25E90FBD0021BF57 /* Frameworks */,
				112D70CC25E90FBD0021BF57 /* Resources */,
			);
			buildRules = (
			);
			dependencies = (
			);
			name = CardWallet;
			productName = CardWallet;
			productReference = 112D70CE25E90FBD0021BF57 /* CardWallet.app */;
			productType = "com.apple.product-type.application";
		};
/* End PBXNativeTarget section */

/* Begin PBXProject section */
		112D70C625E90FBD0021BF57 /* Project object */ = {
			isa = PBXProject;
			attributes = {
				LastSwiftUpdateCheck = 1240;
				LastUpgradeCheck = 1240;
				TargetAttributes = {
					112D70CD25E90FBD0021BF57 = {
						CreatedOnToolsVersion = 12.4;
					};
				};
			};
			buildConfigurationList = 112D70C925E90FBD0021BF57 /* Build configuration list for PBXProject "CardWallet" */;
			compatibilityVersion = "Xcode 9.3";
			developmentRegion = en;
			hasScannedForEncodings = 0;
			knownRegions = (
				en,
				Base,
			);
			mainGroup = 112D70C525E90FBD0021BF57;
			productRefGroup = 112D70CF25E90FBD0021BF57 /* Products */;
			projectDirPath = "";
			projectRoot = "";
			targets = (
				112D70CD25E90FBD0021BF57 /* CardWallet */,
			);
		};
/* End PBXProject section */

/* Begin PBXResourcesBuildPhase section */
		112D70CC25E90FBD0021BF57 /* Resources */ = {
			isa = PBXResourcesBuildPhase;
			buildActionMask = 2147483647;
			files = (
				112D70DE25E90FBE0021BF57 /* LaunchScreen.storyboard in Resources */,
				112D70DB25E90FBE0021BF57 /* Preview Assets.xcassets in Resources */,
				112D70D825E90FBE0021BF57 /* Assets.xcassets in Resources */,
			);
			runOnlyForDeploymentPostprocessing = 0;
		};
/* End PBXResourcesBuildPhase section */

/* Begin PBXSourcesBuildPhase section */
		112D70CA25E90FBD0021BF57 /* Sources */ = {
			isa = PBXSourcesBuildPhase;
			buildActionMask = 2147483647;
			files = (
				114DA87326331418005FC08A /* MemberView.swift in Sources */,
				112D70D225E90FBD0021BF57 /* AppDelegate.swift in Sources */,
				11F43527262A477D005791FF /* Product.swift in Sources */,
				114DA85F2632CF77005FC08A /* MemberViewModel.swift in Sources */,
				112D70D425E90FBD0021BF57 /* SceneDelegate.swift in Sources */,
				114DA8682632D173005FC08A /* CardViewModel.swift in Sources */,
				114DA8622632CF85005FC08A /* Member.swift in Sources */,
				114DA85C2632CC63005FC08A /* ScanningView.swift in Sources */,
				1174B7162607A3320069B1F7 /* ScanDocumentViewModel.swift in Sources */,
				114DA877263314B4005FC08A /* ReceiptView.swift in Sources */,
				1148D66B25FC235D00F0E6DD /* AccountView.swift in Sources */,
				1149E08B25F2766900F46F14 /* SearchViewModel.swift in Sources */,
				112D70D625E90FBD0021BF57 /* ContentView.swift in Sources */,
				114DA87B26333A71005FC08A /* SplitView.swift in Sources */,
				112D70EF25E944C20021BF57 /* Card.swift in Sources */,
				115EE47725F82D3300471844 /* WalletView.swift in Sources */,
				114DA8652632CFAA005FC08A /* Cart.swift in Sources */,
			);
			runOnlyForDeploymentPostprocessing = 0;
		};
/* End PBXSourcesBuildPhase section */

/* Begin PBXVariantGroup section */
		112D70DC25E90FBE0021BF57 /* LaunchScreen.storyboard */ = {
			isa = PBXVariantGroup;
			children = (
				112D70DD25E90FBE0021BF57 /* Base */,
			);
			name = LaunchScreen.storyboard;
			sourceTree = "<group>";
		};
/* End PBXVariantGroup section */

/* Begin XCBuildConfiguration section */
		112D70E025E90FBE0021BF57 /* Debug */ = {
			isa = XCBuildConfiguration;
			buildSettings = {
				ALWAYS_SEARCH_USER_PATHS = NO;
				CLANG_ANALYZER_NONNULL = YES;
				CLANG_ANALYZER_NUMBER_OBJECT_CONVERSION = YES_AGGRESSIVE;
				CLANG_CXX_LANGUAGE_STANDARD = "gnu++14";
				CLANG_CXX_LIBRARY = "libc++";
				CLANG_ENABLE_MODULES = YES;
				CLANG_ENABLE_OBJC_ARC = YES;
				CLANG_ENABLE_OBJC_WEAK = YES;
				CLANG_WARN_BLOCK_CAPTURE_AUTORELEASING = YES;
				CLANG_WARN_BOOL_CONVERSION = YES;
				CLANG_WARN_COMMA = YES;
				CLANG_WARN_CONSTANT_CONVERSION = YES;
				CLANG_WARN_DEPRECATED_OBJC_IMPLEMENTATIONS = YES;
				CLANG_WARN_DIRECT_OBJC_ISA_USAGE = YES_ERROR;
				CLANG_WARN_DOCUMENTATION_COMMENTS = YES;
				CLANG_WARN_EMPTY_BODY = YES;
				CLANG_WARN_ENUM_CONVERSION = YES;
				CLANG_WARN_INFINITE_RECURSION = YES;
				CLANG_WARN_INT_CONVERSION = YES;
				CLANG_WARN_NON_LITERAL_NULL_CONVERSION = YES;
				CLANG_WARN_OBJC_IMPLICIT_RETAIN_SELF = YES;
				CLANG_WARN_OBJC_LITERAL_CONVERSION = YES;
				CLANG_WARN_OBJC_ROOT_CLASS = YES_ERROR;
				CLANG_WARN_QUOTED_INCLUDE_IN_FRAMEWORK_HEADER = YES;
				CLANG_WARN_RANGE_LOOP_ANALYSIS = YES;
				CLANG_WARN_STRICT_PROTOTYPES = YES;
				CLANG_WARN_SUSPICIOUS_MOVE = YES;
				CLANG_WARN_UNGUARDED_AVAILABILITY = YES_AGGRESSIVE;
				CLANG_WARN_UNREACHABLE_CODE = YES;
				CLANG_WARN__DUPLICATE_METHOD_MATCH = YES;
				COPY_PHASE_STRIP = NO;
				DEBUG_INFORMATION_FORMAT = dwarf;
				ENABLE_STRICT_OBJC_MSGSEND = YES;
				ENABLE_TESTABILITY = YES;
				GCC_C_LANGUAGE_STANDARD = gnu11;
				GCC_DYNAMIC_NO_PIC = NO;
				GCC_NO_COMMON_BLOCKS = YES;
				GCC_OPTIMIZATION_LEVEL = 0;
				GCC_PREPROCESSOR_DEFINITIONS = (
					"DEBUG=1",
					"$(inherited)",
				);
				GCC_WARN_64_TO_32_BIT_CONVERSION = YES;
				GCC_WARN_ABOUT_RETURN_TYPE = YES_ERROR;
				GCC_WARN_UNDECLARED_SELECTOR = YES;
				GCC_WARN_UNINITIALIZED_AUTOS = YES_AGGRESSIVE;
				GCC_WARN_UNUSED_FUNCTION = YES;
				GCC_WARN_UNUSED_VARIABLE = YES;
				IPHONEOS_DEPLOYMENT_TARGET = 14.4;
				MTL_ENABLE_DEBUG_INFO = INCLUDE_SOURCE;
				MTL_FAST_MATH = YES;
				ONLY_ACTIVE_ARCH = YES;
				SDKROOT = iphoneos;
				SWIFT_ACTIVE_COMPILATION_CONDITIONS = DEBUG;
				SWIFT_OPTIMIZATION_LEVEL = "-Onone";
			};
			name = Debug;
		};
		112D70E125E90FBE0021BF57 /* Release */ = {
			isa = XCBuildConfiguration;
			buildSettings = {
				ALWAYS_SEARCH_USER_PATHS = NO;
				CLANG_ANALYZER_NONNULL = YES;
				CLANG_ANALYZER_NUMBER_OBJECT_CONVERSION = YES_AGGRESSIVE;
				CLANG_CXX_LANGUAGE_STANDARD = "gnu++14";
				CLANG_CXX_LIBRARY = "libc++";
				CLANG_ENABLE_MODULES = YES;
				CLANG_ENABLE_OBJC_ARC = YES;
				CLANG_ENABLE_OBJC_WEAK = YES;
				CLANG_WARN_BLOCK_CAPTURE_AUTORELEASING = YES;
				CLANG_WARN_BOOL_CONVERSION = YES;
				CLANG_WARN_COMMA = YES;
				CLANG_WARN_CONSTANT_CONVERSION = YES;
				CLANG_WARN_DEPRECATED_OBJC_IMPLEMENTATIONS = YES;
				CLANG_WARN_DIRECT_OBJC_ISA_USAGE = YES_ERROR;
				CLANG_WARN_DOCUMENTATION_COMMENTS = YES;
				CLANG_WARN_EMPTY_BODY = YES;
				CLANG_WARN_ENUM_CONVERSION = YES;
				CLANG_WARN_INFINITE_RECURSION = YES;
				CLANG_WARN_INT_CONVERSION = YES;
				CLANG_WARN_NON_LITERAL_NULL_CONVERSION = YES;
				CLANG_WARN_OBJC_IMPLICIT_RETAIN_SELF = YES;
				CLANG_WARN_OBJC_LITERAL_CONVERSION = YES;
				CLANG_WARN_OBJC_ROOT_CLASS = YES_ERROR;
				CLANG_WARN_QUOTED_INCLUDE_IN_FRAMEWORK_HEADER = YES;
				CLANG_WARN_RANGE_LOOP_ANALYSIS = YES;
				CLANG_WARN_STRICT_PROTOTYPES = YES;
				CLANG_WARN_SUSPICIOUS_MOVE = YES;
				CLANG_WARN_UNGUARDED_AVAILABILITY = YES_AGGRESSIVE;
				CLANG_WARN_UNREACHABLE_CODE = YES;
				CLANG_WARN__DUPLICATE_METHOD_MATCH = YES;
				COPY_PHASE_STRIP = NO;
				DEBUG_INFORMATION_FORMAT = "dwarf-with-dsym";
				ENABLE_NS_ASSERTIONS = NO;
				ENABLE_STRICT_OBJC_MSGSEND = YES;
				GCC_C_LANGUAGE_STANDARD = gnu11;
				GCC_NO_COMMON_BLOCKS = YES;
				GCC_WARN_64_TO_32_BIT_CONVERSION = YES;
				GCC_WARN_ABOUT_RETURN_TYPE = YES_ERROR;
				GCC_WARN_UNDECLARED_SELECTOR = YES;
				GCC_WARN_UNINITIALIZED_AUTOS = YES_AGGRESSIVE;
				GCC_WARN_UNUSED_FUNCTION = YES;
				GCC_WARN_UNUSED_VARIABLE = YES;
				IPHONEOS_DEPLOYMENT_TARGET = 14.4;
				MTL_ENABLE_DEBUG_INFO = NO;
				MTL_FAST_MATH = YES;
				SDKROOT = iphoneos;
				SWIFT_COMPILATION_MODE = wholemodule;
				SWIFT_OPTIMIZATION_LEVEL = "-O";
				VALIDATE_PRODUCT = YES;
			};
			name = Release;
		};
		112D70E325E90FBE0021BF57 /* Debug */ = {
			isa = XCBuildConfiguration;
			buildSettings = {
				ASSETCATALOG_COMPILER_APPICON_NAME = AppIcon;
				ASSETCATALOG_COMPILER_GLOBAL_ACCENT_COLOR_NAME = AccentColor;
				CODE_SIGN_STYLE = Automatic;
				DEVELOPMENT_ASSET_PATHS = "\"CardWallet/Preview Content\"";
				DEVELOPMENT_TEAM = ZM28D8U9G9;
				ENABLE_PREVIEWS = YES;
				INFOPLIST_FILE = CardWallet/Info.plist;
				LD_RUNPATH_SEARCH_PATHS = (
					"$(inherited)",
					"@executable_path/Frameworks",
				);
				PRODUCT_BUNDLE_IDENTIFIER = tolo.CardWallet;
				PRODUCT_NAME = "$(TARGET_NAME)";
				SWIFT_VERSION = 5.0;
				TARGETED_DEVICE_FAMILY = "1,2";
			};
			name = Debug;
		};
		112D70E425E90FBE0021BF57 /* Release */ = {
			isa = XCBuildConfiguration;
			buildSettings = {
				ASSETCATALOG_COMPILER_APPICON_NAME = AppIcon;
				ASSETCATALOG_COMPILER_GLOBAL_ACCENT_COLOR_NAME = AccentColor;
				CODE_SIGN_STYLE = Automatic;
				DEVELOPMENT_ASSET_PATHS = "\"CardWallet/Preview Content\"";
				DEVELOPMENT_TEAM = ZM28D8U9G9;
				ENABLE_PREVIEWS = YES;
				INFOPLIST_FILE = CardWallet/Info.plist;
				LD_RUNPATH_SEARCH_PATHS = (
					"$(inherited)",
					"@executable_path/Frameworks",
				);
				PRODUCT_BUNDLE_IDENTIFIER = tolo.CardWallet;
				PRODUCT_NAME = "$(TARGET_NAME)";
				SWIFT_VERSION = 5.0;
				TARGETED_DEVICE_FAMILY = "1,2";
			};
			name = Release;
		};
/* End XCBuildConfiguration section */

/* Begin XCConfigurationList section */
		112D70C925E90FBD0021BF57 /* Build configuration list for PBXProject "CardWallet" */ = {
			isa = XCConfigurationList;
			buildConfigurations = (
				112D70E025E90FBE0021BF57 /* Debug */,
				112D70E125E90FBE0021BF57 /* Release */,
			);
			defaultConfigurationIsVisible = 0;
			defaultConfigurationName = Release;
		};
		112D70E225E90FBE0021BF57 /* Build configuration list for PBXNativeTarget "CardWallet" */ = {
			isa = XCConfigurationList;
			buildConfigurations = (
				112D70E325E90FBE0021BF57 /* Debug */,
				112D70E425E90FBE0021BF57 /* Release */,
			);
			defaultConfigurationIsVisible = 0;
			defaultConfigurationName = Release;
		};
/* End XCConfigurationList section */
	};
	rootObject = 112D70C625E90FBD0021BF57 /* Project object */;
}
