// !$*UTF8*$!
{
	archiveVersion = 1;
	classes = {
	};
	objectVersion = 50;
	objects = {

/* Begin PBXBuildFile section */
		11426CB425E3026500AC818A /* AppDelegate.swift in Sources */ = {isa = PBXBuildFile; fileRef = 11426CB325E3026500AC818A /* AppDelegate.swift */; };
		11426CB625E3026500AC818A /* SceneDelegate.swift in Sources */ = {isa = PBXBuildFile; fileRef = 11426CB525E3026500AC818A /* SceneDelegate.swift */; };
		11426CB825E3026500AC818A /* ContentView.swift in Sources */ = {isa = PBXBuildFile; fileRef = 11426CB725E3026500AC818A /* ContentView.swift */; };
		11426CBA25E3026500AC818A /* Assets.xcassets in Resources */ = {isa = PBXBuildFile; fileRef = 11426CB925E3026500AC818A /* Assets.xcassets */; };
		11426CBD25E3026500AC818A /* Preview Assets.xcassets in Resources */ = {isa = PBXBuildFile; fileRef = 11426CBC25E3026500AC818A /* Preview Assets.xcassets */; };
		11426CC025E3026500AC818A /* LaunchScreen.storyboard in Resources */ = {isa = PBXBuildFile; fileRef = 11426CBE25E3026500AC818A /* LaunchScreen.storyboard */; };
		11426CCC25E303AD00AC818A /* Home.swift in Sources */ = {isa = PBXBuildFile; fileRef = 11426CCB25E303AD00AC818A /* Home.swift */; };
/* End PBXBuildFile section */

/* Begin PBXFileReference section */
		11426CB025E3026500AC818A /* CovidVisualisation.app */ = {isa = PBXFileReference; explicitFileType = wrapper.application; includeInIndex = 0; path = CovidVisualisation.app; sourceTree = BUILT_PRODUCTS_DIR; };
		11426CB325E3026500AC818A /* AppDelegate.swift */ = {isa = PBXFileReference; lastKnownFileType = sourcecode.swift; path = AppDelegate.swift; sourceTree = "<group>"; };
		11426CB525E3026500AC818A /* SceneDelegate.swift */ = {isa = PBXFileReference; lastKnownFileType = sourcecode.swift; path = SceneDelegate.swift; sourceTree = "<group>"; };
		11426CB725E3026500AC818A /* ContentView.swift */ = {isa = PBXFileReference; lastKnownFileType = sourcecode.swift; path = ContentView.swift; sourceTree = "<group>"; };
		11426CB925E3026500AC818A /* Assets.xcassets */ = {isa = PBXFileReference; lastKnownFileType = folder.assetcatalog; path = Assets.xcassets; sourceTree = "<group>"; };
		11426CBC25E3026500AC818A /* Preview Assets.xcassets */ = {isa = PBXFileReference; lastKnownFileType = folder.assetcatalog; path = "Preview Assets.xcassets"; sourceTree = "<group>"; };
		11426CBF25E3026500AC818A /* Base */ = {isa = PBXFileReference; lastKnownFileType = file.storyboard; name = Base; path = Base.lproj/LaunchScreen.storyboard; sourceTree = "<group>"; };
		11426CC125E3026500AC818A /* Info.plist */ = {isa = PBXFileReference; lastKnownFileType = text.plist.xml; path = Info.plist; sourceTree = "<group>"; };
		11426CCB25E303AD00AC818A /* Home.swift */ = {isa = PBXFileReference; lastKnownFileType = sourcecode.swift; path = Home.swift; sourceTree = "<group>"; };
/* End PBXFileReference section */

/* Begin PBXFrameworksBuildPhase section */
		11426CAD25E3026500AC818A /* Frameworks */ = {
			isa = PBXFrameworksBuildPhase;
			buildActionMask = 2147483647;
			files = (
			);
			runOnlyForDeploymentPostprocessing = 0;
		};
/* End PBXFrameworksBuildPhase section */

/* Begin PBXGroup section */
		11426CA725E3026500AC818A = {
			isa = PBXGroup;
			children = (
				11426CB225E3026500AC818A /* CovidVisualisation */,
				11426CB125E3026500AC818A /* Products */,
			);
			sourceTree = "<group>";
		};
		11426CB125E3026500AC818A /* Products */ = {
			isa = PBXGroup;
			children = (
				11426CB025E3026500AC818A /* CovidVisualisation.app */,
			);
			name = Products;
			sourceTree = "<group>";
		};
		11426CB225E3026500AC818A /* CovidVisualisation */ = {
			isa = PBXGroup;
			children = (
				11426CCA25E3037800AC818A /* Model */,
				11426CC925E3037200AC818A /* View */,
				11426CC825E3035F00AC818A /* ViewModel */,
				11426CB325E3026500AC818A /* AppDelegate.swift */,
				11426CB525E3026500AC818A /* SceneDelegate.swift */,
				11426CB925E3026500AC818A /* Assets.xcassets */,
				11426CBE25E3026500AC818A /* LaunchScreen.storyboard */,
				11426CC125E3026500AC818A /* Info.plist */,
				11426CBB25E3026500AC818A /* Preview Content */,
			);
			path = CovidVisualisation;
			sourceTree = "<group>";
		};
		11426CBB25E3026500AC818A /* Preview Content */ = {
			isa = PBXGroup;
			children = (
				11426CBC25E3026500AC818A /* Preview Assets.xcassets */,
			);
			path = "Preview Content";
			sourceTree = "<group>";
		};
		11426CC825E3035F00AC818A /* ViewModel */ = {
			isa = PBXGroup;
			children = (
			);
			path = ViewModel;
			sourceTree = "<group>";
		};
		11426CC925E3037200AC818A /* View */ = {
			isa = PBXGroup;
			children = (
				11426CB725E3026500AC818A /* ContentView.swift */,
				11426CCB25E303AD00AC818A /* Home.swift */,
			);
			path = View;
			sourceTree = "<group>";
		};
		11426CCA25E3037800AC818A /* Model */ = {
			isa = PBXGroup;
			children = (
			);
			path = Model;
			sourceTree = "<group>";
		};
/* End PBXGroup section */

/* Begin PBXNativeTarget section */
		11426CAF25E3026500AC818A /* CovidVisualisation */ = {
			isa = PBXNativeTarget;
			buildConfigurationList = 11426CC425E3026500AC818A /* Build configuration list for PBXNativeTarget "CovidVisualisation" */;
			buildPhases = (
				11426CAC25E3026500AC818A /* Sources */,
				11426CAD25E3026500AC818A /* Frameworks */,
				11426CAE25E3026500AC818A /* Resources */,
			);
			buildRules = (
			);
			dependencies = (
			);
			name = CovidVisualisation;
			productName = CovidVisualisation;
			productReference = 11426CB025E3026500AC818A /* CovidVisualisation.app */;
			productType = "com.apple.product-type.application";
		};
/* End PBXNativeTarget section */

/* Begin PBXProject section */
		11426CA825E3026500AC818A /* Project object */ = {
			isa = PBXProject;
			attributes = {
				LastSwiftUpdateCheck = 1240;
				LastUpgradeCheck = 1240;
				TargetAttributes = {
					11426CAF25E3026500AC818A = {
						CreatedOnToolsVersion = 12.4;
					};
				};
			};
			buildConfigurationList = 11426CAB25E3026500AC818A /* Build configuration list for PBXProject "CovidVisualisation" */;
			compatibilityVersion = "Xcode 9.3";
			developmentRegion = en;
			hasScannedForEncodings = 0;
			knownRegions = (
				en,
				Base,
			);
			mainGroup = 11426CA725E3026500AC818A;
			productRefGroup = 11426CB125E3026500AC818A /* Products */;
			projectDirPath = "";
			projectRoot = "";
			targets = (
				11426CAF25E3026500AC818A /* CovidVisualisation */,
			);
		};
/* End PBXProject section */

/* Begin PBXResourcesBuildPhase section */
		11426CAE25E3026500AC818A /* Resources */ = {
			isa = PBXResourcesBuildPhase;
			buildActionMask = 2147483647;
			files = (
				11426CC025E3026500AC818A /* LaunchScreen.storyboard in Resources */,
				11426CBD25E3026500AC818A /* Preview Assets.xcassets in Resources */,
				11426CBA25E3026500AC818A /* Assets.xcassets in Resources */,
			);
			runOnlyForDeploymentPostprocessing = 0;
		};
/* End PBXResourcesBuildPhase section */

/* Begin PBXSourcesBuildPhase section */
		11426CAC25E3026500AC818A /* Sources */ = {
			isa = PBXSourcesBuildPhase;
			buildActionMask = 2147483647;
			files = (
				11426CB425E3026500AC818A /* AppDelegate.swift in Sources */,
				11426CB625E3026500AC818A /* SceneDelegate.swift in Sources */,
				11426CCC25E303AD00AC818A /* Home.swift in Sources */,
				11426CB825E3026500AC818A /* ContentView.swift in Sources */,
			);
			runOnlyForDeploymentPostprocessing = 0;
		};
/* End PBXSourcesBuildPhase section */

/* Begin PBXVariantGroup section */
		11426CBE25E3026500AC818A /* LaunchScreen.storyboard */ = {
			isa = PBXVariantGroup;
			children = (
				11426CBF25E3026500AC818A /* Base */,
			);
			name = LaunchScreen.storyboard;
			sourceTree = "<group>";
		};
/* End PBXVariantGroup section */

/* Begin XCBuildConfiguration section */
		11426CC225E3026500AC818A /* Debug */ = {
			isa = XCBuildConfiguration;
			buildSettings = {
				ALWAYS_SEARCH_USER_PATHS = NO;
				CLANG_ANALYZER_NONNULL = YES;
				CLANG_ANALYZER_NUMBER_OBJECT_CONVERSION = YES_AGGRESSIVE;
				CLANG_CXX_LANGUAGE_STANDARD = "gnu++14";
				CLANG_CXX_LIBRARY = "libc++";
				CLANG_ENABLE_MODULES = YES;
				CLANG_ENABLE_OBJC_ARC = YES;
				CLANG_ENABLE_OBJC_WEAK = YES;
				CLANG_WARN_BLOCK_CAPTURE_AUTORELEASING = YES;
				CLANG_WARN_BOOL_CONVERSION = YES;
				CLANG_WARN_COMMA = YES;
				CLANG_WARN_CONSTANT_CONVERSION = YES;
				CLANG_WARN_DEPRECATED_OBJC_IMPLEMENTATIONS = YES;
				CLANG_WARN_DIRECT_OBJC_ISA_USAGE = YES_ERROR;
				CLANG_WARN_DOCUMENTATION_COMMENTS = YES;
				CLANG_WARN_EMPTY_BODY = YES;
				CLANG_WARN_ENUM_CONVERSION = YES;
				CLANG_WARN_INFINITE_RECURSION = YES;
				CLANG_WARN_INT_CONVERSION = YES;
				CLANG_WARN_NON_LITERAL_NULL_CONVERSION = YES;
				CLANG_WARN_OBJC_IMPLICIT_RETAIN_SELF = YES;
				CLANG_WARN_OBJC_LITERAL_CONVERSION = YES;
				CLANG_WARN_OBJC_ROOT_CLASS = YES_ERROR;
				CLANG_WARN_QUOTED_INCLUDE_IN_FRAMEWORK_HEADER = YES;
				CLANG_WARN_RANGE_LOOP_ANALYSIS = YES;
				CLANG_WARN_STRICT_PROTOTYPES = YES;
				CLANG_WARN_SUSPICIOUS_MOVE = YES;
				CLANG_WARN_UNGUARDED_AVAILABILITY = YES_AGGRESSIVE;
				CLANG_WARN_UNREACHABLE_CODE = YES;
				CLANG_WARN__DUPLICATE_METHOD_MATCH = YES;
				COPY_PHASE_STRIP = NO;
				DEBUG_INFORMATION_FORMAT = dwarf;
				ENABLE_STRICT_OBJC_MSGSEND = YES;
				ENABLE_TESTABILITY = YES;
				GCC_C_LANGUAGE_STANDARD = gnu11;
				GCC_DYNAMIC_NO_PIC = NO;
				GCC_NO_COMMON_BLOCKS = YES;
				GCC_OPTIMIZATION_LEVEL = 0;
				GCC_PREPROCESSOR_DEFINITIONS = (
					"DEBUG=1",
					"$(inherited)",
				);
				GCC_WARN_64_TO_32_BIT_CONVERSION = YES;
				GCC_WARN_ABOUT_RETURN_TYPE = YES_ERROR;
				GCC_WARN_UNDECLARED_SELECTOR = YES;
				GCC_WARN_UNINITIALIZED_AUTOS = YES_AGGRESSIVE;
				GCC_WARN_UNUSED_FUNCTION = YES;
				GCC_WARN_UNUSED_VARIABLE = YES;
				IPHONEOS_DEPLOYMENT_TARGET = 14.4;
				MTL_ENABLE_DEBUG_INFO = INCLUDE_SOURCE;
				MTL_FAST_MATH = YES;
				ONLY_ACTIVE_ARCH = YES;
				SDKROOT = iphoneos;
				SWIFT_ACTIVE_COMPILATION_CONDITIONS = DEBUG;
				SWIFT_OPTIMIZATION_LEVEL = "-Onone";
			};
			name = Debug;
		};
		11426CC325E3026500AC818A /* Release */ = {
			isa = XCBuildConfiguration;
			buildSettings = {
				ALWAYS_SEARCH_USER_PATHS = NO;
				CLANG_ANALYZER_NONNULL = YES;
				CLANG_ANALYZER_NUMBER_OBJECT_CONVERSION = YES_AGGRESSIVE;
				CLANG_CXX_LANGUAGE_STANDARD = "gnu++14";
				CLANG_CXX_LIBRARY = "libc++";
				CLANG_ENABLE_MODULES = YES;
				CLANG_ENABLE_OBJC_ARC = YES;
				CLANG_ENABLE_OBJC_WEAK = YES;
				CLANG_WARN_BLOCK_CAPTURE_AUTORELEASING = YES;
				CLANG_WARN_BOOL_CONVERSION = YES;
				CLANG_WARN_COMMA = YES;
				CLANG_WARN_CONSTANT_CONVERSION = YES;
				CLANG_WARN_DEPRECATED_OBJC_IMPLEMENTATIONS = YES;
				CLANG_WARN_DIRECT_OBJC_ISA_USAGE = YES_ERROR;
				CLANG_WARN_DOCUMENTATION_COMMENTS = YES;
				CLANG_WARN_EMPTY_BODY = YES;
				CLANG_WARN_ENUM_CONVERSION = YES;
				CLANG_WARN_INFINITE_RECURSION = YES;
				CLANG_WARN_INT_CONVERSION = YES;
				CLANG_WARN_NON_LITERAL_NULL_CONVERSION = YES;
				CLANG_WARN_OBJC_IMPLICIT_RETAIN_SELF = YES;
				CLANG_WARN_OBJC_LITERAL_CONVERSION = YES;
				CLANG_WARN_OBJC_ROOT_CLASS = YES_ERROR;
				CLANG_WARN_QUOTED_INCLUDE_IN_FRAMEWORK_HEADER = YES;
				CLANG_WARN_RANGE_LOOP_ANALYSIS = YES;
				CLANG_WARN_STRICT_PROTOTYPES = YES;
				CLANG_WARN_SUSPICIOUS_MOVE = YES;
				CLANG_WARN_UNGUARDED_AVAILABILITY = YES_AGGRESSIVE;
				CLANG_WARN_UNREACHABLE_CODE = YES;
				CLANG_WARN__DUPLICATE_METHOD_MATCH = YES;
				COPY_PHASE_STRIP = NO;
				DEBUG_INFORMATION_FORMAT = "dwarf-with-dsym";
				ENABLE_NS_ASSERTIONS = NO;
				ENABLE_STRICT_OBJC_MSGSEND = YES;
				GCC_C_LANGUAGE_STANDARD = gnu11;
				GCC_NO_COMMON_BLOCKS = YES;
				GCC_WARN_64_TO_32_BIT_CONVERSION = YES;
				GCC_WARN_ABOUT_RETURN_TYPE = YES_ERROR;
				GCC_WARN_UNDECLARED_SELECTOR = YES;
				GCC_WARN_UNINITIALIZED_AUTOS = YES_AGGRESSIVE;
				GCC_WARN_UNUSED_FUNCTION = YES;
				GCC_WARN_UNUSED_VARIABLE = YES;
				IPHONEOS_DEPLOYMENT_TARGET = 14.4;
				MTL_ENABLE_DEBUG_INFO = NO;
				MTL_FAST_MATH = YES;
				SDKROOT = iphoneos;
				SWIFT_COMPILATION_MODE = wholemodule;
				SWIFT_OPTIMIZATION_LEVEL = "-O";
				VALIDATE_PRODUCT = YES;
			};
			name = Release;
		};
		11426CC525E3026500AC818A /* Debug */ = {
			isa = XCBuildConfiguration;
			buildSettings = {
				ASSETCATALOG_COMPILER_APPICON_NAME = AppIcon;
				ASSETCATALOG_COMPILER_GLOBAL_ACCENT_COLOR_NAME = AccentColor;
				CODE_SIGN_STYLE = Automatic;
				DEVELOPMENT_ASSET_PATHS = "\"CovidVisualisation/Preview Content\"";
				ENABLE_PREVIEWS = YES;
				INFOPLIST_FILE = CovidVisualisation/Info.plist;
				LD_RUNPATH_SEARCH_PATHS = (
					"$(inherited)",
					"@executable_path/Frameworks",
				);
				PRODUCT_BUNDLE_IDENTIFIER = tolo.CovidVisualisation;
				PRODUCT_NAME = "$(TARGET_NAME)";
				SWIFT_VERSION = 5.0;
				TARGETED_DEVICE_FAMILY = "1,2";
			};
			name = Debug;
		};
		11426CC625E3026500AC818A /* Release */ = {
			isa = XCBuildConfiguration;
			buildSettings = {
				ASSETCATALOG_COMPILER_APPICON_NAME = AppIcon;
				ASSETCATALOG_COMPILER_GLOBAL_ACCENT_COLOR_NAME = AccentColor;
				CODE_SIGN_STYLE = Automatic;
				DEVELOPMENT_ASSET_PATHS = "\"CovidVisualisation/Preview Content\"";
				ENABLE_PREVIEWS = YES;
				INFOPLIST_FILE = CovidVisualisation/Info.plist;
				LD_RUNPATH_SEARCH_PATHS = (
					"$(inherited)",
					"@executable_path/Frameworks",
				);
				PRODUCT_BUNDLE_IDENTIFIER = tolo.CovidVisualisation;
				PRODUCT_NAME = "$(TARGET_NAME)";
				SWIFT_VERSION = 5.0;
				TARGETED_DEVICE_FAMILY = "1,2";
			};
			name = Release;
		};
/* End XCBuildConfiguration section */

/* Begin XCConfigurationList section */
		11426CAB25E3026500AC818A /* Build configuration list for PBXProject "CovidVisualisation" */ = {
			isa = XCConfigurationList;
			buildConfigurations = (
				11426CC225E3026500AC818A /* Debug */,
				11426CC325E3026500AC818A /* Release */,
			);
			defaultConfigurationIsVisible = 0;
			defaultConfigurationName = Release;
		};
		11426CC425E3026500AC818A /* Build configuration list for PBXNativeTarget "CovidVisualisation" */ = {
			isa = XCConfigurationList;
			buildConfigurations = (
				11426CC525E3026500AC818A /* Debug */,
				11426CC625E3026500AC818A /* Release */,
			);
			defaultConfigurationIsVisible = 0;
			defaultConfigurationName = Release;
		};
/* End XCConfigurationList section */
	};
	rootObject = 11426CA825E3026500AC818A /* Project object */;
}
